
Microsoft Visual Studio Solution File, Format Version 12.00
# Visual Studio 14
VisualStudioVersion = 14.0.25420.1
MinimumVisualStudioVersion = 10.0.40219.1
Project("{2150E333-8FDC-42A3-9474-1A3956D46DE8}") = "00. Framework", "00. Framework", "{47E628C7-593F-428F-AE4D-BAA0C235F568}"
EndProject
Project("{FAE04EC0-301F-11D3-BF4B-00C04F79EFBC}") = "Prodesp.Monitor.Framework.Extension", "Prodesp.Monitor.Framework.Extension\Prodesp.Monitor.Framework.Extension.csproj", "{168B03BB-F887-440B-9508-3D33180E1195}"
EndProject
Project("{2150E333-8FDC-42A3-9474-1A3956D46DE8}") = "01. Transformation Object", "01. Transformation Object", "{3932C22B-C1D1-4CEC-9B1C-84C25A68E311}"
EndProject
Project("{2150E333-8FDC-42A3-9474-1A3956D46DE8}") = "02. Data Access", "02. Data Access", "{EA681B86-A2CF-40DD-83E1-A7ECB455ED65}"
EndProject
Project("{2150E333-8FDC-42A3-9474-1A3956D46DE8}") = "03. BLL", "03. BLL", "{FDDBB74F-9F6D-48C1-B3CA-09879215F57F}"
EndProject
Project("{2150E333-8FDC-42A3-9474-1A3956D46DE8}") = "04. Svc", "04. Svc", "{7C12C1EA-13AA-430B-BAD8-948C9A608360}"
EndProject
Project("{2150E333-8FDC-42A3-9474-1A3956D46DE8}") = "05. Common", "05. Common", "{BC4AC3FD-5CE3-462F-9D8F-AF6B96F4AC92}"
EndProject
Project("{2150E333-8FDC-42A3-9474-1A3956D46DE8}") = "06. Test", "06. Test", "{9E711BEF-CE62-4FE2-BF8A-81A3E5F53E11}"
EndProject
Project("{FAE04EC0-301F-11D3-BF4B-00C04F79EFBC}") = "Prodesp.Monitor.TO", "Prodesp.Monitor.TO\Prodesp.Monitor.TO.csproj", "{D642289F-A79A-4EDD-B597-B7848618AE13}"
EndProject
Project("{FAE04EC0-301F-11D3-BF4B-00C04F79EFBC}") = "Prodesp.Monitor.DAL", "Prodesp.Monitor.DAL\Prodesp.Monitor.DAL.csproj", "{629189AD-A637-43F8-8EFC-286AE476420F}"
EndProject
Project("{FAE04EC0-301F-11D3-BF4B-00C04F79EFBC}") = "Prodesp.Monitor.BLL", "Prodesp.Monitor.BLL\Prodesp.Monitor.BLL.csproj", "{38CB6939-8DE7-4BC3-B0E7-9337AC3A3E36}"
EndProject
Project("{FAE04EC0-301F-11D3-BF4B-00C04F79EFBC}") = "Prodesp.Monitor.Proxy", "Prodesp.Monitor.Proxy\Prodesp.Monitor.Proxy.csproj", "{0C5A83C3-7882-48D8-87BB-A11E1474A2D1}"
EndProject
Project("{FAE04EC0-301F-11D3-BF4B-00C04F79EFBC}") = "Prodesp.Monitor.Test", "Prodesp.Monitor.Test\Prodesp.Monitor.Test.csproj", "{1E58CEAC-E249-4B70-8929-22F708EF143B}"
EndProject
Global
	GlobalSection(SolutionConfigurationPlatforms) = preSolution
		Debug|Any CPU = Debug|Any CPU
		Desenv|Any CPU = Desenv|Any CPU
		Homolog|Any CPU = Homolog|Any CPU
		Local|Any CPU = Local|Any CPU
		Producao|Any CPU = Producao|Any CPU
		Release|Any CPU = Release|Any CPU
	EndGlobalSection
	GlobalSection(ProjectConfigurationPlatforms) = postSolution
		{168B03BB-F887-440B-9508-3D33180E1195}.Debug|Any CPU.ActiveCfg = Debug|Any CPU
		{168B03BB-F887-440B-9508-3D33180E1195}.Debug|Any CPU.Build.0 = Debug|Any CPU
		{168B03BB-F887-440B-9508-3D33180E1195}.Desenv|Any CPU.ActiveCfg = Debug|Any CPU
		{168B03BB-F887-440B-9508-3D33180E1195}.Desenv|Any CPU.Build.0 = Debug|Any CPU
		{168B03BB-F887-440B-9508-3D33180E1195}.Homolog|Any CPU.ActiveCfg = Release|Any CPU
		{168B03BB-F887-440B-9508-3D33180E1195}.Homolog|Any CPU.Build.0 = Release|Any CPU
		{168B03BB-F887-440B-9508-3D33180E1195}.Local|Any CPU.ActiveCfg = Release|Any CPU
		{168B03BB-F887-440B-9508-3D33180E1195}.Local|Any CPU.Build.0 = Release|Any CPU
		{168B03BB-F887-440B-9508-3D33180E1195}.Producao|Any CPU.ActiveCfg = Release|Any CPU
		{168B03BB-F887-440B-9508-3D33180E1195}.Producao|Any CPU.Build.0 = Release|Any CPU
		{168B03BB-F887-440B-9508-3D33180E1195}.Release|Any CPU.ActiveCfg = Release|Any CPU
		{168B03BB-F887-440B-9508-3D33180E1195}.Release|Any CPU.Build.0 = Release|Any CPU
		{D642289F-A79A-4EDD-B597-B7848618AE13}.Debug|Any CPU.ActiveCfg = Debug|Any CPU
		{D642289F-A79A-4EDD-B597-B7848618AE13}.Debug|Any CPU.Build.0 = Debug|Any CPU
		{D642289F-A79A-4EDD-B597-B7848618AE13}.Desenv|Any CPU.ActiveCfg = Debug|Any CPU
		{D642289F-A79A-4EDD-B597-B7848618AE13}.Desenv|Any CPU.Build.0 = Debug|Any CPU
		{D642289F-A79A-4EDD-B597-B7848618AE13}.Homolog|Any CPU.ActiveCfg = Release|Any CPU
		{D642289F-A79A-4EDD-B597-B7848618AE13}.Homolog|Any CPU.Build.0 = Release|Any CPU
		{D642289F-A79A-4EDD-B597-B7848618AE13}.Local|Any CPU.ActiveCfg = Release|Any CPU
		{D642289F-A79A-4EDD-B597-B7848618AE13}.Local|Any CPU.Build.0 = Release|Any CPU
		{D642289F-A79A-4EDD-B597-B7848618AE13}.Producao|Any CPU.ActiveCfg = Release|Any CPU
		{D642289F-A79A-4EDD-B597-B7848618AE13}.Producao|Any CPU.Build.0 = Release|Any CPU
		{D642289F-A79A-4EDD-B597-B7848618AE13}.Release|Any CPU.ActiveCfg = Release|Any CPU
		{D642289F-A79A-4EDD-B597-B7848618AE13}.Release|Any CPU.Build.0 = Release|Any CPU
		{629189AD-A637-43F8-8EFC-286AE476420F}.Debug|Any CPU.ActiveCfg = Debug|Any CPU
		{629189AD-A637-43F8-8EFC-286AE476420F}.Debug|Any CPU.Build.0 = Debug|Any CPU
		{629189AD-A637-43F8-8EFC-286AE476420F}.Desenv|Any CPU.ActiveCfg = Debug|Any CPU
		{629189AD-A637-43F8-8EFC-286AE476420F}.Desenv|Any CPU.Build.0 = Debug|Any CPU
		{629189AD-A637-43F8-8EFC-286AE476420F}.Homolog|Any CPU.ActiveCfg = Release|Any CPU
		{629189AD-A637-43F8-8EFC-286AE476420F}.Homolog|Any CPU.Build.0 = Release|Any CPU
		{629189AD-A637-43F8-8EFC-286AE476420F}.Local|Any CPU.ActiveCfg = Release|Any CPU
		{629189AD-A637-43F8-8EFC-286AE476420F}.Local|Any CPU.Build.0 = Release|Any CPU
		{629189AD-A637-43F8-8EFC-286AE476420F}.Producao|Any CPU.ActiveCfg = Release|Any CPU
		{629189AD-A637-43F8-8EFC-286AE476420F}.Producao|Any CPU.Build.0 = Release|Any CPU
		{629189AD-A637-43F8-8EFC-286AE476420F}.Release|Any CPU.ActiveCfg = Release|Any CPU
		{629189AD-A637-43F8-8EFC-286AE476420F}.Release|Any CPU.Build.0 = Release|Any CPU
		{38CB6939-8DE7-4BC3-B0E7-9337AC3A3E36}.Debug|Any CPU.ActiveCfg = Debug|Any CPU
		{38CB6939-8DE7-4BC3-B0E7-9337AC3A3E36}.Debug|Any CPU.Build.0 = Debug|Any CPU
		{38CB6939-8DE7-4BC3-B0E7-9337AC3A3E36}.Desenv|Any CPU.ActiveCfg = Debug|Any CPU
		{38CB6939-8DE7-4BC3-B0E7-9337AC3A3E36}.Desenv|Any CPU.Build.0 = Debug|Any CPU
		{38CB6939-8DE7-4BC3-B0E7-9337AC3A3E36}.Homolog|Any CPU.ActiveCfg = Release|Any CPU
		{38CB6939-8DE7-4BC3-B0E7-9337AC3A3E36}.Homolog|Any CPU.Build.0 = Release|Any CPU
		{38CB6939-8DE7-4BC3-B0E7-9337AC3A3E36}.Local|Any CPU.ActiveCfg = Release|Any CPU
		{38CB6939-8DE7-4BC3-B0E7-9337AC3A3E36}.Local|Any CPU.Build.0 = Release|Any CPU
		{38CB6939-8DE7-4BC3-B0E7-9337AC3A3E36}.Producao|Any CPU.ActiveCfg = Release|Any CPU
		{38CB6939-8DE7-4BC3-B0E7-9337AC3A3E36}.Producao|Any CPU.Build.0 = Release|Any CPU
		{38CB6939-8DE7-4BC3-B0E7-9337AC3A3E36}.Release|Any CPU.ActiveCfg = Release|Any CPU
		{38CB6939-8DE7-4BC3-B0E7-9337AC3A3E36}.Release|Any CPU.Build.0 = Release|Any CPU
		{0C5A83C3-7882-48D8-87BB-A11E1474A2D1}.Debug|Any CPU.ActiveCfg = Debug|Any CPU
		{0C5A83C3-7882-48D8-87BB-A11E1474A2D1}.Debug|Any CPU.Build.0 = Debug|Any CPU
		{0C5A83C3-7882-48D8-87BB-A11E1474A2D1}.Desenv|Any CPU.ActiveCfg = Debug|Any CPU
		{0C5A83C3-7882-48D8-87BB-A11E1474A2D1}.Desenv|Any CPU.Build.0 = Debug|Any CPU
		{0C5A83C3-7882-48D8-87BB-A11E1474A2D1}.Homolog|Any CPU.ActiveCfg = Release|Any CPU
		{0C5A83C3-7882-48D8-87BB-A11E1474A2D1}.Homolog|Any CPU.Build.0 = Release|Any CPU
		{0C5A83C3-7882-48D8-87BB-A11E1474A2D1}.Local|Any CPU.ActiveCfg = Release|Any CPU
		{0C5A83C3-7882-48D8-87BB-A11E1474A2D1}.Local|Any CPU.Build.0 = Release|Any CPU
		{0C5A83C3-7882-48D8-87BB-A11E1474A2D1}.Producao|Any CPU.ActiveCfg = Release|Any CPU
		{0C5A83C3-7882-48D8-87BB-A11E1474A2D1}.Producao|Any CPU.Build.0 = Release|Any CPU
		{0C5A83C3-7882-48D8-87BB-A11E1474A2D1}.Release|Any CPU.ActiveCfg = Release|Any CPU
		{0C5A83C3-7882-48D8-87BB-A11E1474A2D1}.Release|Any CPU.Build.0 = Release|Any CPU
		{1E58CEAC-E249-4B70-8929-22F708EF143B}.Debug|Any CPU.ActiveCfg = Debug|Any CPU
		{1E58CEAC-E249-4B70-8929-22F708EF143B}.Debug|Any CPU.Build.0 = Debug|Any CPU
		{1E58CEAC-E249-4B70-8929-22F708EF143B}.Desenv|Any CPU.ActiveCfg = Debug|Any CPU
		{1E58CEAC-E249-4B70-8929-22F708EF143B}.Desenv|Any CPU.Build.0 = Debug|Any CPU
		{1E58CEAC-E249-4B70-8929-22F708EF143B}.Homolog|Any CPU.ActiveCfg = Release|Any CPU
		{1E58CEAC-E249-4B70-8929-22F708EF143B}.Homolog|Any CPU.Build.0 = Release|Any CPU
		{1E58CEAC-E249-4B70-8929-22F708EF143B}.Local|Any CPU.ActiveCfg = Release|Any CPU
		{1E58CEAC-E249-4B70-8929-22F708EF143B}.Local|Any CPU.Build.0 = Release|Any CPU
		{1E58CEAC-E249-4B70-8929-22F708EF143B}.Producao|Any CPU.ActiveCfg = Release|Any CPU
		{1E58CEAC-E249-4B70-8929-22F708EF143B}.Producao|Any CPU.Build.0 = Release|Any CPU
		{1E58CEAC-E249-4B70-8929-22F708EF143B}.Release|Any CPU.ActiveCfg = Release|Any CPU
		{1E58CEAC-E249-4B70-8929-22F708EF143B}.Release|Any CPU.Build.0 = Release|Any CPU
	EndGlobalSection
	GlobalSection(SolutionProperties) = preSolution
		HideSolutionNode = FALSE
	EndGlobalSection
	GlobalSection(NestedProjects) = preSolution
		{168B03BB-F887-440B-9508-3D33180E1195} = {47E628C7-593F-428F-AE4D-BAA0C235F568}
		{D642289F-A79A-4EDD-B597-B7848618AE13} = {3932C22B-C1D1-4CEC-9B1C-84C25A68E311}
		{629189AD-A637-43F8-8EFC-286AE476420F} = {EA681B86-A2CF-40DD-83E1-A7ECB455ED65}
		{38CB6939-8DE7-4BC3-B0E7-9337AC3A3E36} = {FDDBB74F-9F6D-48C1-B3CA-09879215F57F}
		{0C5A83C3-7882-48D8-87BB-A11E1474A2D1} = {BC4AC3FD-5CE3-462F-9D8F-AF6B96F4AC92}
		{1E58CEAC-E249-4B70-8929-22F708EF143B} = {9E711BEF-CE62-4FE2-BF8A-81A3E5F53E11}
	EndGlobalSection
EndGlobal
